
Microsoft Visual Studio Solution File, Format Version 12.00
# Visual Studio Version 17
VisualStudioVersion = 17.6.33815.320
MinimumVisualStudioVersion = 10.0.40219.1
Project("{FAE04EC0-301F-11D3-BF4B-00C04F79EFBC}") = "Pedra_Papel_Tesoura_3", "Pedra_Papel_Tesoura_3.csproj", "{34C7D2B1-A766-42D8-92EF-309C619EC116}"
EndProject
Global
	GlobalSection(SolutionConfigurationPlatforms) = preSolution
		Debug|Any CPU = Debug|Any CPU
		Release|Any CPU = Release|Any CPU
	EndGlobalSection
	GlobalSection(ProjectConfigurationPlatforms) = postSolution
		{34C7D2B1-A766-42D8-92EF-309C619EC116}.Debug|Any CPU.ActiveCfg = Debug|Any CPU
		{34C7D2B1-A766-42D8-92EF-309C619EC116}.Debug|Any CPU.Build.0 = Debug|Any CPU
		{34C7D2B1-A766-42D8-92EF-309C619EC116}.Release|Any CPU.ActiveCfg = Release|Any CPU
		{34C7D2B1-A766-42D8-92EF-309C619EC116}.Release|Any CPU.Build.0 = Release|Any CPU
	EndGlobalSection
	GlobalSection(SolutionProperties) = preSolution
		HideSolutionNode = FALSE
	EndGlobalSection
	GlobalSection(ExtensibilityGlobals) = postSolution
		SolutionGuid = {6672431E-0A3D-49CF-A05A-0C608AD0DDD3}
	EndGlobalSection
EndGlobal
